
Microsoft Visual Studio Solution File, Format Version 12.00
# Visual Studio Version 17
VisualStudioVersion = 17.0.32126.317
MinimumVisualStudioVersion = 10.0.40219.1
Project("{FAE04EC0-301F-11D3-BF4B-00C04F79EFBC}") = "WatchPortalFunction", "WatchPortalFunction\WatchPortalFunction.csproj", "{F2078D42-8BD6-48EA-9318-153DBCFEF820}"
EndProject
Project("{FAE04EC0-301F-11D3-BF4B-00C04F79EFBC}") = "WatchFunctionsTests", "WatchFunctionsTests\WatchFunctionsTests.csproj", "{3CD197EA-6AD0-4989-955A-E2F0B459CF7F}"
EndProject
Global
	GlobalSection(SolutionConfigurationPlatforms) = preSolution
		Debug|Any CPU = Debug|Any CPU
		Release|Any CPU = Release|Any CPU
	EndGlobalSection
	GlobalSection(ProjectConfigurationPlatforms) = postSolution
		{F2078D42-8BD6-48EA-9318-153DBCFEF820}.Debug|Any CPU.ActiveCfg = Debug|Any CPU
		{F2078D42-8BD6-48EA-9318-153DBCFEF820}.Debug|Any CPU.Build.0 = Debug|Any CPU
		{F2078D42-8BD6-48EA-9318-153DBCFEF820}.Release|Any CPU.ActiveCfg = Release|Any CPU
		{F2078D42-8BD6-48EA-9318-153DBCFEF820}.Release|Any CPU.Build.0 = Release|Any CPU
		{3CD197EA-6AD0-4989-955A-E2F0B459CF7F}.Debug|Any CPU.ActiveCfg = Debug|Any CPU
		{3CD197EA-6AD0-4989-955A-E2F0B459CF7F}.Debug|Any CPU.Build.0 = Debug|Any CPU
		{3CD197EA-6AD0-4989-955A-E2F0B459CF7F}.Release|Any CPU.ActiveCfg = Release|Any CPU
		{3CD197EA-6AD0-4989-955A-E2F0B459CF7F}.Release|Any CPU.Build.0 = Release|Any CPU
	EndGlobalSection
	GlobalSection(SolutionProperties) = preSolution
		HideSolutionNode = FALSE
	EndGlobalSection
	GlobalSection(ExtensibilityGlobals) = postSolution
		SolutionGuid = {611B93FB-94E9-4F45-80FB-477009F30882}
	EndGlobalSection
EndGlobal
